Microsoft Visual Studio Solution File, Format Version 12.00
# Visual Studio Version 17
VisualStudioVersion = 17.5.2.0
MinimumVisualStudioVersion = 10.0.40219.1
Project("{FAE04EC0-301F-11D3-BF4B-00C04F79EFBC}") = "FinalMarzo.net", "FinalMarzo.net.csproj", "{93BEF6D1-84CD-C4DF-7986-BCC83FE4FE42}"
EndProject
Global
	GlobalSection(SolutionConfigurationPlatforms) = preSolution
		Debug|Any CPU = Debug|Any CPU
		Release|Any CPU = Release|Any CPU
	EndGlobalSection
	GlobalSection(ProjectConfigurationPlatforms) = postSolution
		{93BEF6D1-84CD-C4DF-7986-BCC83FE4FE42}.Debug|Any CPU.ActiveCfg = Debug|Any CPU
		{93BEF6D1-84CD-C4DF-7986-BCC83FE4FE42}.Debug|Any CPU.Build.0 = Debug|Any CPU
		{93BEF6D1-84CD-C4DF-7986-BCC83FE4FE42}.Release|Any CPU.ActiveCfg = Release|Any CPU
		{93BEF6D1-84CD-C4DF-7986-BCC83FE4FE42}.Release|Any CPU.Build.0 = Release|Any CPU
	EndGlobalSection
	GlobalSection(SolutionProperties) = preSolution
		HideSolutionNode = FALSE
	EndGlobalSection
	GlobalSection(ExtensibilityGlobals) = postSolution
		SolutionGuid = {CC98FF7E-EB2B-4610-9903-9A23893FCAC1}
	EndGlobalSection
EndGlobal
